
Microsoft Visual Studio Solution File, Format Version 12.00
# Visual Studio Version 17
VisualStudioVersion = 17.4.33122.133
MinimumVisualStudioVersion = 10.0.40219.1
Project("{FAE04EC0-301F-11D3-BF4B-00C04F79EFBC}") = "Artilery Calculator", "Artilery Calculator\Artilery Calculator.csproj", "{D58ADCB6-8D75-4B93-88D4-67F0CE717660}"
EndProject
Global
	GlobalSection(SolutionConfigurationPlatforms) = preSolution
		Debug|Any CPU = Debug|Any CPU
		Release|Any CPU = Release|Any CPU
	EndGlobalSection
	GlobalSection(ProjectConfigurationPlatforms) = postSolution
		{D58ADCB6-8D75-4B93-88D4-67F0CE717660}.Debug|Any CPU.ActiveCfg = Debug|Any CPU
		{D58ADCB6-8D75-4B93-88D4-67F0CE717660}.Debug|Any CPU.Build.0 = Debug|Any CPU
		{D58ADCB6-8D75-4B93-88D4-67F0CE717660}.Release|Any CPU.ActiveCfg = Release|Any CPU
		{D58ADCB6-8D75-4B93-88D4-67F0CE717660}.Release|Any CPU.Build.0 = Release|Any CPU
	EndGlobalSection
	GlobalSection(SolutionProperties) = preSolution
		HideSolutionNode = FALSE
	EndGlobalSection
	GlobalSection(ExtensibilityGlobals) = postSolution
		SolutionGuid = {78D801ED-097C-4E92-99F6-079ACCB13CA6}
	EndGlobalSection
EndGlobal
